
Microsoft Visual Studio Solution File, Format Version 12.00
# Visual Studio Version 16
VisualStudioVersion = 16.0.31515.178
MinimumVisualStudioVersion = 10.0.40219.1
Project("{FAE04EC0-301F-11D3-BF4B-00C04F79EFBC}") = "CSharpAppTesting", "CSharpAppTesting\CSharpAppTesting.csproj", "{C7080FB9-8726-4EA1-B5CD-16F8CE8F68D2}"
EndProject
Global
	GlobalSection(SolutionConfigurationPlatforms) = preSolution
		Debug|Any CPU = Debug|Any CPU
		Release|Any CPU = Release|Any CPU
	EndGlobalSection
	GlobalSection(ProjectConfigurationPlatforms) = postSolution
		{C7080FB9-8726-4EA1-B5CD-16F8CE8F68D2}.Debug|Any CPU.ActiveCfg = Debug|Any CPU
		{C7080FB9-8726-4EA1-B5CD-16F8CE8F68D2}.Debug|Any CPU.Build.0 = Debug|Any CPU
		{C7080FB9-8726-4EA1-B5CD-16F8CE8F68D2}.Release|Any CPU.ActiveCfg = Release|Any CPU
		{C7080FB9-8726-4EA1-B5CD-16F8CE8F68D2}.Release|Any CPU.Build.0 = Release|Any CPU
	EndGlobalSection
	GlobalSection(SolutionProperties) = preSolution
		HideSolutionNode = FALSE
	EndGlobalSection
	GlobalSection(ExtensibilityGlobals) = postSolution
		SolutionGuid = {CDAAE4D4-3900-4EE5-820A-888F21B8B24F}
	EndGlobalSection
EndGlobal
